
Microsoft Visual Studio Solution File, Format Version 12.00
# Visual Studio Version 17
VisualStudioVersion = 17.0.32112.339
MinimumVisualStudioVersion = 10.0.40219.1
Project("{FAE04EC0-301F-11D3-BF4B-00C04F79EFBC}") = "CollectionRewrite", "CollectionRewrite\CollectionRewrite.csproj", "{A218E38E-47C3-410B-AD7E-D96CB2987219}"
EndProject
Project("{FAE04EC0-301F-11D3-BF4B-00C04F79EFBC}") = "TestCollection", "TestCollection\TestCollection.csproj", "{C332369E-A466-431F-B14C-A75C61CDABDB}"
EndProject
Global
	GlobalSection(SolutionConfigurationPlatforms) = preSolution
		Debug|Any CPU = Debug|Any CPU
		Release|Any CPU = Release|Any CPU
	EndGlobalSection
	GlobalSection(ProjectConfigurationPlatforms) = postSolution
		{A218E38E-47C3-410B-AD7E-D96CB2987219}.Debug|Any CPU.ActiveCfg = Debug|Any CPU
		{A218E38E-47C3-410B-AD7E-D96CB2987219}.Debug|Any CPU.Build.0 = Debug|Any CPU
		{A218E38E-47C3-410B-AD7E-D96CB2987219}.Release|Any CPU.ActiveCfg = Release|Any CPU
		{A218E38E-47C3-410B-AD7E-D96CB2987219}.Release|Any CPU.Build.0 = Release|Any CPU
		{C332369E-A466-431F-B14C-A75C61CDABDB}.Debug|Any CPU.ActiveCfg = Debug|Any CPU
		{C332369E-A466-431F-B14C-A75C61CDABDB}.Debug|Any CPU.Build.0 = Debug|Any CPU
		{C332369E-A466-431F-B14C-A75C61CDABDB}.Release|Any CPU.ActiveCfg = Release|Any CPU
		{C332369E-A466-431F-B14C-A75C61CDABDB}.Release|Any CPU.Build.0 = Release|Any CPU
		{0C60CFCE-EDE8-4FF2-B2BA-CE5586A72A2D}.Debug|Any CPU.ActiveCfg = Debug|Any CPU
		{0C60CFCE-EDE8-4FF2-B2BA-CE5586A72A2D}.Debug|Any CPU.Build.0 = Debug|Any CPU
		{0C60CFCE-EDE8-4FF2-B2BA-CE5586A72A2D}.Release|Any CPU.ActiveCfg = Release|Any CPU
		{0C60CFCE-EDE8-4FF2-B2BA-CE5586A72A2D}.Release|Any CPU.Build.0 = Release|Any CPU
	EndGlobalSection
	GlobalSection(SolutionProperties) = preSolution
		HideSolutionNode = FALSE
	EndGlobalSection
	GlobalSection(ExtensibilityGlobals) = postSolution
		SolutionGuid = {CAC11612-B21D-48B3-8D40-CBE42D94CC66}
	EndGlobalSection
EndGlobal
